
Microsoft Visual Studio Solution File, Format Version 12.00
# Visual Studio Version 16
VisualStudioVersion = 16.0.29102.190
MinimumVisualStudioVersion = 10.0.40219.1
Project("{FAE04EC0-301F-11D3-BF4B-00C04F79EFBC}") = "LoggerConsumer", "LoggerConsumer\LoggerConsumer.csproj", "{7FAB3265-6036-46E5-BDA5-B3D8D928AEB9}"
EndProject
Project("{FAE04EC0-301F-11D3-BF4B-00C04F79EFBC}") = "ExampleApp", "ExampleApp\ExampleApp.csproj", "{E1E9E364-D138-4DD4-A535-9D182BC4F2AC}"
EndProject
Global
	GlobalSection(SolutionConfigurationPlatforms) = preSolution
		Debug|Any CPU = Debug|Any CPU
		Release|Any CPU = Release|Any CPU
	EndGlobalSection
	GlobalSection(ProjectConfigurationPlatforms) = postSolution
		{7FAB3265-6036-46E5-BDA5-B3D8D928AEB9}.Debug|Any CPU.ActiveCfg = Debug|Any CPU
		{7FAB3265-6036-46E5-BDA5-B3D8D928AEB9}.Debug|Any CPU.Build.0 = Debug|Any CPU
		{7FAB3265-6036-46E5-BDA5-B3D8D928AEB9}.Release|Any CPU.ActiveCfg = Release|Any CPU
		{7FAB3265-6036-46E5-BDA5-B3D8D928AEB9}.Release|Any CPU.Build.0 = Release|Any CPU
		{E1E9E364-D138-4DD4-A535-9D182BC4F2AC}.Debug|Any CPU.ActiveCfg = Debug|Any CPU
		{E1E9E364-D138-4DD4-A535-9D182BC4F2AC}.Debug|Any CPU.Build.0 = Debug|Any CPU
		{E1E9E364-D138-4DD4-A535-9D182BC4F2AC}.Release|Any CPU.ActiveCfg = Release|Any CPU
		{E1E9E364-D138-4DD4-A535-9D182BC4F2AC}.Release|Any CPU.Build.0 = Release|Any CPU
	EndGlobalSection
	GlobalSection(SolutionProperties) = preSolution
		HideSolutionNode = FALSE
	EndGlobalSection
	GlobalSection(ExtensibilityGlobals) = postSolution
		SolutionGuid = {663DFD09-62DF-4CD3-B446-539161CEA31C}
	EndGlobalSection
EndGlobal
